
Microsoft Visual Studio Solution File, Format Version 12.00
# Visual Studio Version 17
VisualStudioVersion = 17.14.36327.8 d17.14
MinimumVisualStudioVersion = 10.0.40219.1
Project("{FAE04EC0-301F-11D3-BF4B-00C04F79EFBC}") = "dcit318-assignment1-11262526", "dcit318-assignment1-11262526.csproj", "{D7BB760D-F826-41B6-952D-9EBDE3ECE0F2}"
EndProject
Global
	GlobalSection(SolutionConfigurationPlatforms) = preSolution
		Debug|Any CPU = Debug|Any CPU
		Release|Any CPU = Release|Any CPU
	EndGlobalSection
	GlobalSection(ProjectConfigurationPlatforms) = postSolution
		{D7BB760D-F826-41B6-952D-9EBDE3ECE0F2}.Debug|Any CPU.ActiveCfg = Debug|Any CPU
		{D7BB760D-F826-41B6-952D-9EBDE3ECE0F2}.Debug|Any CPU.Build.0 = Debug|Any CPU
		{D7BB760D-F826-41B6-952D-9EBDE3ECE0F2}.Release|Any CPU.ActiveCfg = Release|Any CPU
		{D7BB760D-F826-41B6-952D-9EBDE3ECE0F2}.Release|Any CPU.Build.0 = Release|Any CPU
	EndGlobalSection
	GlobalSection(SolutionProperties) = preSolution
		HideSolutionNode = FALSE
	EndGlobalSection
	GlobalSection(ExtensibilityGlobals) = postSolution
		SolutionGuid = {F27D1C00-56B6-4DCF-877A-56B05469676B}
	EndGlobalSection
EndGlobal
